
Microsoft Visual Studio Solution File, Format Version 12.00
# Visual Studio Version 16
VisualStudioVersion = 16.0.31515.178
MinimumVisualStudioVersion = 10.0.40219.1
Project("{8BC9CEB8-8B4A-11D0-8D11-00A0C91BC942}") = "swcertpro_string_encrypt", "swcertpro_string_encrypt\swcertpro_string_encrypt.vcxproj", "{13368EC3-6EF6-4E8B-9306-97F6FAFEB63D}"
EndProject
Global
	GlobalSection(SolutionConfigurationPlatforms) = preSolution
		Debug|x64 = Debug|x64
		Debug|x86 = Debug|x86
		Release|x64 = Release|x64
		Release|x86 = Release|x86
	EndGlobalSection
	GlobalSection(ProjectConfigurationPlatforms) = postSolution
		{13368EC3-6EF6-4E8B-9306-97F6FAFEB63D}.Debug|x64.ActiveCfg = Debug|x64
		{13368EC3-6EF6-4E8B-9306-97F6FAFEB63D}.Debug|x64.Build.0 = Debug|x64
		{13368EC3-6EF6-4E8B-9306-97F6FAFEB63D}.Debug|x86.ActiveCfg = Debug|Win32
		{13368EC3-6EF6-4E8B-9306-97F6FAFEB63D}.Debug|x86.Build.0 = Debug|Win32
		{13368EC3-6EF6-4E8B-9306-97F6FAFEB63D}.Release|x64.ActiveCfg = Release|x64
		{13368EC3-6EF6-4E8B-9306-97F6FAFEB63D}.Release|x64.Build.0 = Release|x64
		{13368EC3-6EF6-4E8B-9306-97F6FAFEB63D}.Release|x86.ActiveCfg = Release|Win32
		{13368EC3-6EF6-4E8B-9306-97F6FAFEB63D}.Release|x86.Build.0 = Release|Win32
	EndGlobalSection
	GlobalSection(SolutionProperties) = preSolution
		HideSolutionNode = FALSE
	EndGlobalSection
	GlobalSection(ExtensibilityGlobals) = postSolution
		SolutionGuid = {68A6FE6C-7CDB-40A6-9D91-F8E6A69AC3C6}
	EndGlobalSection
EndGlobal
